
Microsoft Visual Studio Solution File, Format Version 12.00
# Visual Studio Version 17
VisualStudioVersion = 17.4.33213.308
MinimumVisualStudioVersion = 10.0.40219.1
Project("{FAE04EC0-301F-11D3-BF4B-00C04F79EFBC}") = "Snake", "Snake\Snake.csproj", "{48471853-E2DD-49B4-900E-B2EA0CCB64CF}"
EndProject
Global
	GlobalSection(SolutionConfigurationPlatforms) = preSolution
		Debug|Any CPU = Debug|Any CPU
		Release|Any CPU = Release|Any CPU
	EndGlobalSection
	GlobalSection(ProjectConfigurationPlatforms) = postSolution
		{48471853-E2DD-49B4-900E-B2EA0CCB64CF}.Debug|Any CPU.ActiveCfg = Debug|Any CPU
		{48471853-E2DD-49B4-900E-B2EA0CCB64CF}.Debug|Any CPU.Build.0 = Debug|Any CPU
		{48471853-E2DD-49B4-900E-B2EA0CCB64CF}.Release|Any CPU.ActiveCfg = Release|Any CPU
		{48471853-E2DD-49B4-900E-B2EA0CCB64CF}.Release|Any CPU.Build.0 = Release|Any CPU
	EndGlobalSection
	GlobalSection(SolutionProperties) = preSolution
		HideSolutionNode = FALSE
	EndGlobalSection
	GlobalSection(ExtensibilityGlobals) = postSolution
		SolutionGuid = {8C5C0B83-BC51-49D0-A829-9755DFA6B460}
	EndGlobalSection
EndGlobal
